// !$*UTF8*$!
{
	archiveVersion = 1;
	classes = {
	};
	objectVersion = 56;
	objects = {

/* Begin PBXBuildFile section */
		1D4601FD2B193E0E005F57FC /* Flowers.exr in Resources */ = {isa = PBXBuildFile; fileRef = 1D4601FC2B193E0E005F57FC /* Flowers.exr */; };
		1DF2E9912B153D9D00D403A5 /* AppDelegate.m in Sources */ = {isa = PBXBuildFile; fileRef = 1DF2E9902B153D9D00D403A5 /* AppDelegate.m */; };
		1DF2E9942B153D9D00D403A5 /* SceneDelegate.m in Sources */ = {isa = PBXBuildFile; fileRef = 1DF2E9932B153D9D00D403A5 /* SceneDelegate.m */; };
		1DF2E9972B153D9D00D403A5 /* ViewController.m in Sources */ = {isa = PBXBuildFile; fileRef = 1DF2E9962B153D9D00D403A5 /* ViewController.m */; };
		1DF2E99A2B153D9D00D403A5 /* Main.storyboard in Resources */ = {isa = PBXBuildFile; fileRef = 1DF2E9982B153D9D00D403A5 /* Main.storyboard */; };
		1DF2E99C2B153D9E00D403A5 /* Assets.xcassets in Resources */ = {isa = PBXBuildFile; fileRef = 1DF2E99B2B153D9E00D403A5 /* Assets.xcassets */; };
		1DF2E99F2B153D9E00D403A5 /* LaunchScreen.storyboard in Resources */ = {isa = PBXBuildFile; fileRef = 1DF2E99D2B153D9E00D403A5 /* LaunchScreen.storyboard */; };
		1DF2E9A22B153D9E00D403A5 /* main.m in Sources */ = {isa = PBXBuildFile; fileRef = 1DF2E9A12B153D9E00D403A5 /* main.m */; };
		1DF2E9C52B153FE000D403A5 /* img in Resources */ = {isa = PBXBuildFile; fileRef = 1DF2E9C42B153FE000D403A5 /* img */; settings = {ASSET_TAGS = (New, ); }; };
/* End PBXBuildFile section */

/* Begin PBXContainerItemProxy section */
		1DF2E9A82B153D9E00D403A5 /* PBXContainerItemProxy */ = {
			isa = PBXContainerItemProxy;
			containerPortal = 1DF2E9842B153D9D00D403A5 /* Project object */;
			proxyType = 1;
			remoteGlobalIDString = 1DF2E98B2B153D9D00D403A5;
			remoteInfo = "cx.srd.img-fuzz-001";
		};
		1DF2E9B22B153D9E00D403A5 /* PBXContainerItemProxy */ = {
			isa = PBXContainerItemProxy;
			containerPortal = 1DF2E9842B153D9D00D403A5 /* Project object */;
			proxyType = 1;
			remoteGlobalIDString = 1DF2E98B2B153D9D00D403A5;
			remoteInfo = "cx.srd.img-fuzz-001";
		};
/* End PBXContainerItemProxy section */

/* Begin PBXFileReference section */
		1D0AB8F82B15A2B0001F3E19 /* TestPlan.xctestplan */ = {isa = PBXFileReference; lastKnownFileType = text; path = TestPlan.xctestplan; sourceTree = "<group>"; };
		1D2770DC2B16674B00C38728 /* en */ = {isa = PBXFileReference; lastKnownFileType = text.plist.strings; name = en; path = en.lproj/Main.strings; sourceTree = "<group>"; };
		1D2771282B16946700C38728 /* en */ = {isa = PBXFileReference; lastKnownFileType = text.plist.strings; name = en; path = en.lproj/LaunchScreen.strings; sourceTree = "<group>"; };
		1D4601FC2B193E0E005F57FC /* Flowers.exr */ = {isa = PBXFileReference; lastKnownFileType = file; path = Flowers.exr; sourceTree = "<group>"; };
		1DF2E98C2B153D9D00D403A5 /* cx.srd.img-fuzz-001.app */ = {isa = PBXFileReference; explicitFileType = wrapper.application; includeInIndex = 0; path = "cx.srd.img-fuzz-001.app"; sourceTree = BUILT_PRODUCTS_DIR; };
		1DF2E98F2B153D9D00D403A5 /* AppDelegate.h */ = {isa = PBXFileReference; lastKnownFileType = sourcecode.c.h; path = AppDelegate.h; sourceTree = "<group>"; };
		1DF2E9902B153D9D00D403A5 /* AppDelegate.m */ = {isa = PBXFileReference; lastKnownFileType = sourcecode.c.objc; path = AppDelegate.m; sourceTree = "<group>"; };
		1DF2E9922B153D9D00D403A5 /* SceneDelegate.h */ = {isa = PBXFileReference; lastKnownFileType = sourcecode.c.h; path = SceneDelegate.h; sourceTree = "<group>"; };
		1DF2E9932B153D9D00D403A5 /* SceneDelegate.m */ = {isa = PBXFileReference; lastKnownFileType = sourcecode.c.objc; path = SceneDelegate.m; sourceTree = "<group>"; };
		1DF2E9952B153D9D00D403A5 /* ViewController.h */ = {isa = PBXFileReference; lastKnownFileType = sourcecode.c.h; path = ViewController.h; sourceTree = "<group>"; };
		1DF2E9962B153D9D00D403A5 /* ViewController.m */ = {isa = PBXFileReference; lastKnownFileType = sourcecode.c.objc; path = ViewController.m; sourceTree = "<group>"; };
		1DF2E9992B153D9D00D403A5 /* Base */ = {isa = PBXFileReference; lastKnownFileType = file.storyboard; name = Base; path = Base.lproj/Main.storyboard; sourceTree = "<group>"; };
		1DF2E99B2B153D9E00D403A5 /* Assets.xcassets */ = {isa = PBXFileReference; lastKnownFileType = folder.assetcatalog; path = Assets.xcassets; sourceTree = "<group>"; };
		1DF2E99E2B153D9E00D403A5 /* Base */ = {isa = PBXFileReference; lastKnownFileType = file.storyboard; name = Base; path = Base.lproj/LaunchScreen.storyboard; sourceTree = "<group>"; };
		1DF2E9A02B153D9E00D403A5 /* Info.plist */ = {isa = PBXFileReference; lastKnownFileType = text.plist.xml; path = Info.plist; sourceTree = "<group>"; };
		1DF2E9A12B153D9E00D403A5 /* main.m */ = {isa = PBXFileReference; lastKnownFileType = sourcecode.c.objc; path = main.m; sourceTree = "<group>"; };
		1DF2E9A72B153D9E00D403A5 /* cx.srd.img-fuzz-001Tests.xctest */ = {isa = PBXFileReference; explicitFileType = wrapper.cfbundle; includeInIndex = 0; path = "cx.srd.img-fuzz-001Tests.xctest"; sourceTree = BUILT_PRODUCTS_DIR; };
		1DF2E9B12B153D9E00D403A5 /* cx.srd.img-fuzz-001UITests.xctest */ = {isa = PBXFileReference; explicitFileType = wrapper.cfbundle; includeInIndex = 0; path = "cx.srd.img-fuzz-001UITests.xctest"; sourceTree = BUILT_PRODUCTS_DIR; };
		1DF2E9C42B153FE000D403A5 /* img */ = {isa = PBXFileReference; lastKnownFileType = folder; path = img; sourceTree = "<group>"; };
/* End PBXFileReference section */

/* Begin PBXFrameworksBuildPhase section */
		1DF2E9892B153D9D00D403A5 /* Frameworks */ = {
			isa = PBXFrameworksBuildPhase;
			buildActionMask = 2147483647;
			files = (
			);
			runOnlyForDeploymentPostprocessing = 0;
		};
		1DF2E9A42B153D9E00D403A5 /* Frameworks */ = {
			isa = PBXFrameworksBuildPhase;
			buildActionMask = 2147483647;
			files = (
			);
			runOnlyForDeploymentPostprocessing = 0;
		};
		1DF2E9AE2B153D9E00D403A5 /* Frameworks */ = {
			isa = PBXFrameworksBuildPhase;
			buildActionMask = 2147483647;
			files = (
			);
			runOnlyForDeploymentPostprocessing = 0;
		};
/* End PBXFrameworksBuildPhase section */

/* Begin PBXGroup section */
		1DF2E9832B153D9D00D403A5 = {
			isa = PBXGroup;
			children = (
				1DF2E98E2B153D9D00D403A5 /* cx.srd.img-fuzz-001 */,
				1DF2E98D2B153D9D00D403A5 /* Products */,
			);
			sourceTree = "<group>";
		};
		1DF2E98D2B153D9D00D403A5 /* Products */ = {
			isa = PBXGroup;
			children = (
				1DF2E98C2B153D9D00D403A5 /* cx.srd.img-fuzz-001.app */,
				1DF2E9A72B153D9E00D403A5 /* cx.srd.img-fuzz-001Tests.xctest */,
				1DF2E9B12B153D9E00D403A5 /* cx.srd.img-fuzz-001UITests.xctest */,
			);
			name = Products;
			sourceTree = "<group>";
		};
		1DF2E98E2B153D9D00D403A5 /* cx.srd.img-fuzz-001 */ = {
			isa = PBXGroup;
			children = (
				1D4601FC2B193E0E005F57FC /* Flowers.exr */,
				1DF2E98F2B153D9D00D403A5 /* AppDelegate.h */,
				1DF2E9902B153D9D00D403A5 /* AppDelegate.m */,
				1DF2E9922B153D9D00D403A5 /* SceneDelegate.h */,
				1DF2E9932B153D9D00D403A5 /* SceneDelegate.m */,
				1DF2E9952B153D9D00D403A5 /* ViewController.h */,
				1DF2E9962B153D9D00D403A5 /* ViewController.m */,
				1DF2E9982B153D9D00D403A5 /* Main.storyboard */,
				1DF2E99B2B153D9E00D403A5 /* Assets.xcassets */,
				1DF2E99D2B153D9E00D403A5 /* LaunchScreen.storyboard */,
				1DF2E9A02B153D9E00D403A5 /* Info.plist */,
				1DF2E9A12B153D9E00D403A5 /* main.m */,
				1D0AB8F82B15A2B0001F3E19 /* TestPlan.xctestplan */,
				1DF2E9C42B153FE000D403A5 /* img */,
			);
			path = "cx.srd.img-fuzz-001";
			sourceTree = "<group>";
		};
/* End PBXGroup section */

/* Begin PBXNativeTarget section */
		1DF2E98B2B153D9D00D403A5 /* cx.srd.img-fuzz-001 */ = {
			isa = PBXNativeTarget;
			buildConfigurationList = 1DF2E9BB2B153D9E00D403A5 /* Build configuration list for PBXNativeTarget "cx.srd.img-fuzz-001" */;
			buildPhases = (
				1DF2E9882B153D9D00D403A5 /* Sources */,
				1DF2E9892B153D9D00D403A5 /* Frameworks */,
				1DF2E98A2B153D9D00D403A5 /* Resources */,
			);
			buildRules = (
			);
			dependencies = (
			);
			name = "cx.srd.img-fuzz-001";
			productName = "cx.srd.img-fuzz-001";
			productReference = 1DF2E98C2B153D9D00D403A5 /* cx.srd.img-fuzz-001.app */;
			productType = "com.apple.product-type.application";
		};
		1DF2E9A62B153D9E00D403A5 /* cx.srd.img-fuzz-001Tests */ = {
			isa = PBXNativeTarget;
			buildConfigurationList = 1DF2E9BE2B153D9E00D403A5 /* Build configuration list for PBXNativeTarget "cx.srd.img-fuzz-001Tests" */;
			buildPhases = (
				1DF2E9A32B153D9E00D403A5 /* Sources */,
				1DF2E9A42B153D9E00D403A5 /* Frameworks */,
				1DF2E9A52B153D9E00D403A5 /* Resources */,
			);
			buildRules = (
			);
			dependencies = (
				1DF2E9A92B153D9E00D403A5 /* PBXTargetDependency */,
			);
			name = "cx.srd.img-fuzz-001Tests";
			productName = "cx.srd.img-fuzz-001Tests";
			productReference = 1DF2E9A72B153D9E00D403A5 /* cx.srd.img-fuzz-001Tests.xctest */;
			productType = "com.apple.product-type.bundle.unit-test";
		};
		1DF2E9B02B153D9E00D403A5 /* cx.srd.img-fuzz-001UITests */ = {
			isa = PBXNativeTarget;
			buildConfigurationList = 1DF2E9C12B153D9E00D403A5 /* Build configuration list for PBXNativeTarget "cx.srd.img-fuzz-001UITests" */;
			buildPhases = (
				1DF2E9AD2B153D9E00D403A5 /* Sources */,
				1DF2E9AE2B153D9E00D403A5 /* Frameworks */,
				1DF2E9AF2B153D9E00D403A5 /* Resources */,
			);
			buildRules = (
			);
			dependencies = (
				1DF2E9B32B153D9E00D403A5 /* PBXTargetDependency */,
			);
			name = "cx.srd.img-fuzz-001UITests";
			productName = "cx.srd.img-fuzz-001UITests";
			productReference = 1DF2E9B12B153D9E00D403A5 /* cx.srd.img-fuzz-001UITests.xctest */;
			productType = "com.apple.product-type.bundle.ui-testing";
		};
/* End PBXNativeTarget section */

/* Begin PBXProject section */
		1DF2E9842B153D9D00D403A5 /* Project object */ = {
			isa = PBXProject;
			attributes = {
				BuildIndependentTargetsInParallel = 1;
				KnownAssetTags = (
					New,
				);
				LastUpgradeCheck = 1500;
				TargetAttributes = {
					1DF2E98B2B153D9D00D403A5 = {
						CreatedOnToolsVersion = 15.0.1;
					};
					1DF2E9A62B153D9E00D403A5 = {
						CreatedOnToolsVersion = 15.0.1;
						TestTargetID = 1DF2E98B2B153D9D00D403A5;
					};
					1DF2E9B02B153D9E00D403A5 = {
						CreatedOnToolsVersion = 15.0.1;
						TestTargetID = 1DF2E98B2B153D9D00D403A5;
					};
				};
			};
			buildConfigurationList = 1DF2E9872B153D9D00D403A5 /* Build configuration list for PBXProject "cx.srd.img-fuzz-001" */;
			compatibilityVersion = "Xcode 14.0";
			developmentRegion = en;
			hasScannedForEncodings = 0;
			knownRegions = (
				en,
				Base,
			);
			mainGroup = 1DF2E9832B153D9D00D403A5;
			productRefGroup = 1DF2E98D2B153D9D00D403A5 /* Products */;
			projectDirPath = "";
			projectRoot = "";
			targets = (
				1DF2E98B2B153D9D00D403A5 /* cx.srd.img-fuzz-001 */,
				1DF2E9A62B153D9E00D403A5 /* cx.srd.img-fuzz-001Tests */,
				1DF2E9B02B153D9E00D403A5 /* cx.srd.img-fuzz-001UITests */,
			);
		};
/* End PBXProject section */

/* Begin PBXResourcesBuildPhase section */
		1DF2E98A2B153D9D00D403A5 /* Resources */ = {
			isa = PBXResourcesBuildPhase;
			buildActionMask = 2147483647;
			files = (
				1DF2E9C52B153FE000D403A5 /* img in Resources */,
				1DF2E99F2B153D9E00D403A5 /* LaunchScreen.storyboard in Resources */,
				1D4601FD2B193E0E005F57FC /* Flowers.exr in Resources */,
				1DF2E99C2B153D9E00D403A5 /* Assets.xcassets in Resources */,
				1DF2E99A2B153D9D00D403A5 /* Main.storyboard in Resources */,
			);
			runOnlyForDeploymentPostprocessing = 0;
		};
		1DF2E9A52B153D9E00D403A5 /* Resources */ = {
			isa = PBXResourcesBuildPhase;
			buildActionMask = 2147483647;
			files = (
			);
			runOnlyForDeploymentPostprocessing = 0;
		};
		1DF2E9AF2B153D9E00D403A5 /* Resources */ = {
			isa = PBXResourcesBuildPhase;
			buildActionMask = 2147483647;
			files = (
			);
			runOnlyForDeploymentPostprocessing = 0;
		};
/* End PBXResourcesBuildPhase section */

/* Begin PBXSourcesBuildPhase section */
		1DF2E9882B153D9D00D403A5 /* Sources */ = {
			isa = PBXSourcesBuildPhase;
			buildActionMask = 2147483647;
			files = (
				1DF2E9972B153D9D00D403A5 /* ViewController.m in Sources */,
				1DF2E9912B153D9D00D403A5 /* AppDelegate.m in Sources */,
				1DF2E9A22B153D9E00D403A5 /* main.m in Sources */,
				1DF2E9942B153D9D00D403A5 /* SceneDelegate.m in Sources */,
			);
			runOnlyForDeploymentPostprocessing = 0;
		};
		1DF2E9A32B153D9E00D403A5 /* Sources */ = {
			isa = PBXSourcesBuildPhase;
			buildActionMask = 2147483647;
			files = (
			);
			runOnlyForDeploymentPostprocessing = 0;
		};
		1DF2E9AD2B153D9E00D403A5 /* Sources */ = {
			isa = PBXSourcesBuildPhase;
			buildActionMask = 2147483647;
			files = (
			);
			runOnlyForDeploymentPostprocessing = 0;
		};
/* End PBXSourcesBuildPhase section */

/* Begin PBXTargetDependency section */
		1DF2E9A92B153D9E00D403A5 /* PBXTargetDependency */ = {
			isa = PBXTargetDependency;
			target = 1DF2E98B2B153D9D00D403A5 /* cx.srd.img-fuzz-001 */;
			targetProxy = 1DF2E9A82B153D9E00D403A5 /* PBXContainerItemProxy */;
		};
		1DF2E9B32B153D9E00D403A5 /* PBXTargetDependency */ = {
			isa = PBXTargetDependency;
			target = 1DF2E98B2B153D9D00D403A5 /* cx.srd.img-fuzz-001 */;
			targetProxy = 1DF2E9B22B153D9E00D403A5 /* PBXContainerItemProxy */;
		};
/* End PBXTargetDependency section */

/* Begin PBXVariantGroup section */
		1DF2E9982B153D9D00D403A5 /* Main.storyboard */ = {
			isa = PBXVariantGroup;
			children = (
				1DF2E9992B153D9D00D403A5 /* Base */,
				1D2770DC2B16674B00C38728 /* en */,
			);
			name = Main.storyboard;
			sourceTree = "<group>";
		};
		1DF2E99D2B153D9E00D403A5 /* LaunchScreen.storyboard */ = {
			isa = PBXVariantGroup;
			children = (
				1DF2E99E2B153D9E00D403A5 /* Base */,
				1D2771282B16946700C38728 /* en */,
			);
			name = LaunchScreen.storyboard;
			sourceTree = "<group>";
		};
/* End PBXVariantGroup section */

/* Begin XCBuildConfiguration section */
		1DF2E9B92B153D9E00D403A5 /* Debug */ = {
			isa = XCBuildConfiguration;
			buildSettings = {
				ALWAYS_SEARCH_USER_PATHS = NO;
				ARCHS = arm64e;
				ASSETCATALOG_COMPILER_GENERATE_SWIFT_ASSET_SYMBOL_EXTENSIONS = YES;
				CLANG_ANALYZER_NONNULL = YES;
				CLANG_ANALYZER_NUMBER_OBJECT_CONVERSION = YES_AGGRESSIVE;
				CLANG_CXX_LANGUAGE_STANDARD = "gnu++20";
				CLANG_ENABLE_MODULES = YES;
				CLANG_ENABLE_OBJC_ARC = YES;
				CLANG_ENABLE_OBJC_WEAK = YES;
				CLANG_WARN_BLOCK_CAPTURE_AUTORELEASING = YES;
				CLANG_WARN_BOOL_CONVERSION = YES;
				CLANG_WARN_COMMA = YES;
				CLANG_WARN_CONSTANT_CONVERSION = YES;
				CLANG_WARN_DEPRECATED_OBJC_IMPLEMENTATIONS = YES;
				CLANG_WARN_DIRECT_OBJC_ISA_USAGE = YES_ERROR;
				CLANG_WARN_DOCUMENTATION_COMMENTS = YES;
				CLANG_WARN_EMPTY_BODY = YES;
				CLANG_WARN_ENUM_CONVERSION = YES;
				CLANG_WARN_INFINITE_RECURSION = YES;
				CLANG_WARN_INT_CONVERSION = YES;
				CLANG_WARN_NON_LITERAL_NULL_CONVERSION = YES;
				CLANG_WARN_OBJC_IMPLICIT_RETAIN_SELF = YES;
				CLANG_WARN_OBJC_LITERAL_CONVERSION = YES;
				CLANG_WARN_OBJC_ROOT_CLASS = YES_ERROR;
				CLANG_WARN_QUOTED_INCLUDE_IN_FRAMEWORK_HEADER = YES;
				CLANG_WARN_RANGE_LOOP_ANALYSIS = YES;
				CLANG_WARN_STRICT_PROTOTYPES = YES;
				CLANG_WARN_SUSPICIOUS_MOVE = YES;
				CLANG_WARN_UNGUARDED_AVAILABILITY = YES_AGGRESSIVE;
				CLANG_WARN_UNREACHABLE_CODE = YES;
				CLANG_WARN__DUPLICATE_METHOD_MATCH = YES;
				COPY_PHASE_STRIP = NO;
				DEBUG_INFORMATION_FORMAT = dwarf;
				ENABLE_STRICT_OBJC_MSGSEND = YES;
				ENABLE_TESTABILITY = YES;
				ENABLE_USER_SCRIPT_SANDBOXING = YES;
				GCC_C_LANGUAGE_STANDARD = gnu17;
				GCC_DYNAMIC_NO_PIC = NO;
				GCC_NO_COMMON_BLOCKS = YES;
				GCC_OPTIMIZATION_LEVEL = 0;
				GCC_PREPROCESSOR_DEFINITIONS = (
					"DEBUG=1",
					"$(inherited)",
				);
				GCC_WARN_64_TO_32_BIT_CONVERSION = YES;
				GCC_WARN_ABOUT_RETURN_TYPE = YES_ERROR;
				GCC_WARN_UNDECLARED_SELECTOR = YES;
				GCC_WARN_UNINITIALIZED_AUTOS = YES_AGGRESSIVE;
				GCC_WARN_UNUSED_FUNCTION = YES;
				GCC_WARN_UNUSED_VARIABLE = YES;
				IPHONEOS_DEPLOYMENT_TARGET = 14.0;
				LOCALIZATION_PREFERS_STRING_CATALOGS = YES;
				MTL_ENABLE_DEBUG_INFO = INCLUDE_SOURCE;
				MTL_FAST_MATH = YES;
				ONLY_ACTIVE_ARCH = NO;
				SDKROOT = iphoneos;
			};
			name = Debug;
		};
		1DF2E9BA2B153D9E00D403A5 /* Release */ = {
			isa = XCBuildConfiguration;
			buildSettings = {
				ALWAYS_SEARCH_USER_PATHS = NO;
				ARCHS = arm64e;
				ASSETCATALOG_COMPILER_GENERATE_SWIFT_ASSET_SYMBOL_EXTENSIONS = YES;
				CLANG_ANALYZER_NONNULL = YES;
				CLANG_ANALYZER_NUMBER_OBJECT_CONVERSION = YES_AGGRESSIVE;
				CLANG_CXX_LANGUAGE_STANDARD = "gnu++20";
				CLANG_ENABLE_MODULES = YES;
				CLANG_ENABLE_OBJC_ARC = YES;
				CLANG_ENABLE_OBJC_WEAK = YES;
				CLANG_WARN_BLOCK_CAPTURE_AUTORELEASING = YES;
				CLANG_WARN_BOOL_CONVERSION = YES;
				CLANG_WARN_COMMA = YES;
				CLANG_WARN_CONSTANT_CONVERSION = YES;
				CLANG_WARN_DEPRECATED_OBJC_IMPLEMENTATIONS = YES;
				CLANG_WARN_DIRECT_OBJC_ISA_USAGE = YES_ERROR;
				CLANG_WARN_DOCUMENTATION_COMMENTS = YES;
				CLANG_WARN_EMPTY_BODY = YES;
				CLANG_WARN_ENUM_CONVERSION = YES;
				CLANG_WARN_INFINITE_RECURSION = YES;
				CLANG_WARN_INT_CONVERSION = YES;
				CLANG_WARN_NON_LITERAL_NULL_CONVERSION = YES;
				CLANG_WARN_OBJC_IMPLICIT_RETAIN_SELF = YES;
				CLANG_WARN_OBJC_LITERAL_CONVERSION = YES;
				CLANG_WARN_OBJC_ROOT_CLASS = YES_ERROR;
				CLANG_WARN_QUOTED_INCLUDE_IN_FRAMEWORK_HEADER = YES;
				CLANG_WARN_RANGE_LOOP_ANALYSIS = YES;
				CLANG_WARN_STRICT_PROTOTYPES = YES;
				CLANG_WARN_SUSPICIOUS_MOVE = YES;
				CLANG_WARN_UNGUARDED_AVAILABILITY = YES_AGGRESSIVE;
				CLANG_WARN_UNREACHABLE_CODE = YES;
				CLANG_WARN__DUPLICATE_METHOD_MATCH = YES;
				COPY_PHASE_STRIP = NO;
				DEBUG_INFORMATION_FORMAT = "dwarf-with-dsym";
				ENABLE_NS_ASSERTIONS = NO;
				ENABLE_STRICT_OBJC_MSGSEND = YES;
				ENABLE_USER_SCRIPT_SANDBOXING = YES;
				GCC_C_LANGUAGE_STANDARD = gnu17;
				GCC_NO_COMMON_BLOCKS = YES;
				GCC_WARN_64_TO_32_BIT_CONVERSION = YES;
				GCC_WARN_ABOUT_RETURN_TYPE = YES_ERROR;
				GCC_WARN_UNDECLARED_SELECTOR = YES;
				GCC_WARN_UNINITIALIZED_AUTOS = YES_AGGRESSIVE;
				GCC_WARN_UNUSED_FUNCTION = YES;
				GCC_WARN_UNUSED_VARIABLE = YES;
				IPHONEOS_DEPLOYMENT_TARGET = 14.0;
				LOCALIZATION_PREFERS_STRING_CATALOGS = YES;
				MTL_ENABLE_DEBUG_INFO = NO;
				MTL_FAST_MATH = YES;
				SDKROOT = iphoneos;
				VALIDATE_PRODUCT = YES;
			};
			name = Release;
		};
		1DF2E9BC2B153D9E00D403A5 /* Debug */ = {
			isa = XCBuildConfiguration;
			buildSettings = {
				ARCHS = "$(ARCHS_STANDARD)";
				ASSETCATALOG_COMPILER_APPICON_NAME = AppIcon;
				ASSETCATALOG_COMPILER_GLOBAL_ACCENT_COLOR_NAME = AccentColor;
				CODE_SIGN_STYLE = Automatic;
				CURRENT_PROJECT_VERSION = 1;
				DEVELOPMENT_TEAM = 7KJ5XYCA8X;
				GENERATE_INFOPLIST_FILE = YES;
				INFOPLIST_FILE = "cx.srd.img-fuzz-001/Info.plist";
				INFOPLIST_KEY_UIApplicationSupportsIndirectInputEvents = YES;
				INFOPLIST_KEY_UILaunchStoryboardName = LaunchScreen.storyboard;
				INFOPLIST_KEY_UIMainStoryboardFile = Main;
				INFOPLIST_KEY_UISupportedInterfaceOrientations_iPad = "UIInterfaceOrientationPortrait UIInterfaceOrientationPortraitUpsideDown UIInterfaceOrientationLandscapeLeft UIInterfaceOrientationLandscapeRight";
				INFOPLIST_KEY_UISupportedInterfaceOrientations_iPhone = "UIInterfaceOrientationPortrait UIInterfaceOrientationLandscapeLeft UIInterfaceOrientationLandscapeRight";
				LD_RUNPATH_SEARCH_PATHS = (
					"$(inherited)",
					"@executable_path/Frameworks",
				);
				MARKETING_VERSION = 1.0;
				PRODUCT_BUNDLE_IDENTIFIER = "cx.srd.baseline-image-00111.cx-srd-img-fuzz-001";
				PRODUCT_NAME = "$(TARGET_NAME)";
				SUPPORTED_PLATFORMS = "iphoneos iphonesimulator";
				SUPPORTS_MACCATALYST = NO;
				SUPPORTS_MAC_DESIGNED_FOR_IPHONE_IPAD = NO;
				SWIFT_EMIT_LOC_STRINGS = YES;
				TARGETED_DEVICE_FAMILY = 1;
			};
			name = Debug;
		};
		1DF2E9BD2B153D9E00D403A5 /* Release */ = {
			isa = XCBuildConfiguration;
			buildSettings = {
				ARCHS = "$(ARCHS_STANDARD)";
				ASSETCATALOG_COMPILER_APPICON_NAME = AppIcon;
				ASSETCATALOG_COMPILER_GLOBAL_ACCENT_COLOR_NAME = AccentColor;
				CODE_SIGN_STYLE = Automatic;
				CURRENT_PROJECT_VERSION = 1;
				DEVELOPMENT_TEAM = 7KJ5XYCA8X;
				GENERATE_INFOPLIST_FILE = YES;
				INFOPLIST_FILE = "cx.srd.img-fuzz-001/Info.plist";
				INFOPLIST_KEY_UIApplicationSupportsIndirectInputEvents = YES;
				INFOPLIST_KEY_UILaunchStoryboardName = LaunchScreen.storyboard;
				INFOPLIST_KEY_UIMainStoryboardFile = Main;
				INFOPLIST_KEY_UISupportedInterfaceOrientations_iPad = "UIInterfaceOrientationPortrait UIInterfaceOrientationPortraitUpsideDown UIInterfaceOrientationLandscapeLeft UIInterfaceOrientationLandscapeRight";
				INFOPLIST_KEY_UISupportedInterfaceOrientations_iPhone = "UIInterfaceOrientationPortrait UIInterfaceOrientationLandscapeLeft UIInterfaceOrientationLandscapeRight";
				LD_RUNPATH_SEARCH_PATHS = (
					"$(inherited)",
					"@executable_path/Frameworks",
				);
				MARKETING_VERSION = 1.0;
				PRODUCT_BUNDLE_IDENTIFIER = "cx.srd.baseline-image-00111.cx-srd-img-fuzz-001";
				PRODUCT_NAME = "$(TARGET_NAME)";
				SUPPORTED_PLATFORMS = "iphoneos iphonesimulator";
				SUPPORTS_MACCATALYST = NO;
				SUPPORTS_MAC_DESIGNED_FOR_IPHONE_IPAD = NO;
				SWIFT_EMIT_LOC_STRINGS = YES;
				TARGETED_DEVICE_FAMILY = 1;
			};
			name = Release;
		};
		1DF2E9BF2B153D9E00D403A5 /* Debug */ = {
			isa = XCBuildConfiguration;
			buildSettings = {
				BUNDLE_LOADER = "$(TEST_HOST)";
				CODE_SIGN_STYLE = Automatic;
				CURRENT_PROJECT_VERSION = 1;
				DEVELOPMENT_TEAM = 7KJ5XYCA8X;
				GENERATE_INFOPLIST_FILE = YES;
				IPHONEOS_DEPLOYMENT_TARGET = 17.0;
				MARKETING_VERSION = 1.0;
				PRODUCT_BUNDLE_IDENTIFIER = "cx.srd.baseline-image-00111.cx-srd-img-fuzz-001Tests";
				PRODUCT_NAME = "$(TARGET_NAME)";
				SWIFT_EMIT_LOC_STRINGS = NO;
				TARGETED_DEVICE_FAMILY = "1,2";
				TEST_HOST = "$(BUILT_PRODUCTS_DIR)/cx.srd.img-fuzz-001.app/$(BUNDLE_EXECUTABLE_FOLDER_PATH)/cx.srd.img-fuzz-001";
			};
			name = Debug;
		};
		1DF2E9C02B153D9E00D403A5 /* Release */ = {
			isa = XCBuildConfiguration;
			buildSettings = {
				BUNDLE_LOADER = "$(TEST_HOST)";
				CODE_SIGN_STYLE = Automatic;
				CURRENT_PROJECT_VERSION = 1;
				DEVELOPMENT_TEAM = 7KJ5XYCA8X;
				GENERATE_INFOPLIST_FILE = YES;
				IPHONEOS_DEPLOYMENT_TARGET = 17.0;
				MARKETING_VERSION = 1.0;
				PRODUCT_BUNDLE_IDENTIFIER = "cx.srd.baseline-image-00111.cx-srd-img-fuzz-001Tests";
				PRODUCT_NAME = "$(TARGET_NAME)";
				SWIFT_EMIT_LOC_STRINGS = NO;
				TARGETED_DEVICE_FAMILY = "1,2";
				TEST_HOST = "$(BUILT_PRODUCTS_DIR)/cx.srd.img-fuzz-001.app/$(BUNDLE_EXECUTABLE_FOLDER_PATH)/cx.srd.img-fuzz-001";
			};
			name = Release;
		};
		1DF2E9C22B153D9E00D403A5 /* Debug */ = {
			isa = XCBuildConfiguration;
			buildSettings = {
				CODE_SIGN_STYLE = Automatic;
				CURRENT_PROJECT_VERSION = 1;
				DEVELOPMENT_TEAM = 7KJ5XYCA8X;
				GENERATE_INFOPLIST_FILE = YES;
				MARKETING_VERSION = 1.0;
				PRODUCT_BUNDLE_IDENTIFIER = "cx.srd.baseline-image-00111.cx-srd-img-fuzz-001UITests";
				PRODUCT_NAME = "$(TARGET_NAME)";
				SWIFT_EMIT_LOC_STRINGS = NO;
				TARGETED_DEVICE_FAMILY = "1,2";
				TEST_TARGET_NAME = "cx.srd.img-fuzz-001";
			};
			name = Debug;
		};
		1DF2E9C32B153D9E00D403A5 /* Release */ = {
			isa = XCBuildConfiguration;
			buildSettings = {
				CODE_SIGN_STYLE = Automatic;
				CURRENT_PROJECT_VERSION = 1;
				DEVELOPMENT_TEAM = 7KJ5XYCA8X;
				GENERATE_INFOPLIST_FILE = YES;
				MARKETING_VERSION = 1.0;
				PRODUCT_BUNDLE_IDENTIFIER = "cx.srd.baseline-image-00111.cx-srd-img-fuzz-001UITests";
				PRODUCT_NAME = "$(TARGET_NAME)";
				SWIFT_EMIT_LOC_STRINGS = NO;
				TARGETED_DEVICE_FAMILY = "1,2";
				TEST_TARGET_NAME = "cx.srd.img-fuzz-001";
			};
			name = Release;
		};
/* End XCBuildConfiguration section */

/* Begin XCConfigurationList section */
		1DF2E9872B153D9D00D403A5 /* Build configuration list for PBXProject "cx.srd.img-fuzz-001" */ = {
			isa = XCConfigurationList;
			buildConfigurations = (
				1DF2E9B92B153D9E00D403A5 /* Debug */,
				1DF2E9BA2B153D9E00D403A5 /* Release */,
			);
			defaultConfigurationIsVisible = 0;
			defaultConfigurationName = Release;
		};
		1DF2E9BB2B153D9E00D403A5 /* Build configuration list for PBXNativeTarget "cx.srd.img-fuzz-001" */ = {
			isa = XCConfigurationList;
			buildConfigurations = (
				1DF2E9BC2B153D9E00D403A5 /* Debug */,
				1DF2E9BD2B153D9E00D403A5 /* Release */,
			);
			defaultConfigurationIsVisible = 0;
			defaultConfigurationName = Release;
		};
		1DF2E9BE2B153D9E00D403A5 /* Build configuration list for PBXNativeTarget "cx.srd.img-fuzz-001Tests" */ = {
			isa = XCConfigurationList;
			buildConfigurations = (
				1DF2E9BF2B153D9E00D403A5 /* Debug */,
				1DF2E9C02B153D9E00D403A5 /* Release */,
			);
			defaultConfigurationIsVisible = 0;
			defaultConfigurationName = Release;
		};
		1DF2E9C12B153D9E00D403A5 /* Build configuration list for PBXNativeTarget "cx.srd.img-fuzz-001UITests" */ = {
			isa = XCConfigurationList;
			buildConfigurations = (
				1DF2E9C22B153D9E00D403A5 /* Debug */,
				1DF2E9C32B153D9E00D403A5 /* Release */,
			);
			defaultConfigurationIsVisible = 0;
			defaultConfigurationName = Release;
		};
/* End XCConfigurationList section */
	};
	rootObject = 1DF2E9842B153D9D00D403A5 /* Project object */;
}
